<?xml version="1.0" encoding="utf-8"?>
<Project ToolsVersion="4.0" xmlns="http://schemas.microsoft.com/developer/msbuild/2003">
  <ItemGroup>
    <Filter Include="Source Files">
      <UniqueIdentifier>{4FC737F1-C7A5-4376-A066-2A32D752A2FF}</UniqueIdentifier>
      <Extensions>cpp;c;cc;cxx;c++;cppm;ixx;def;odl;idl;hpj;bat;asm;asmx</Extensions>
    </Filter>
    <Filter Include="Header Files">
      <UniqueIdentifier>{93995380-89BD-4b04-88EB-625FBE52EBFB}</UniqueIdentifier>
      <Extensions>h;hh;hpp;hxx;h++;hm;inl;inc;ipp;xsd</Extensions>
    </Filter>
    <Filter Include="Resource Files">
      <UniqueIdentifier>{67DA6AB6-F800-4c08-8B7A-83BB121AAD01}</UniqueIdentifier>
      <Extensions>rc;ico;cur;bmp;dlg;rc2;rct;bin;rgs;gif;jpg;jpeg;jpe;resx;tiff;tif;png;wav;mfcribbon-ms</Extensions>
    </Filter>
    <Filter Include=".github">
      <UniqueIdentifier>{3d5d2325-0dfe-4477-8057-40be6e087fb3}</UniqueIdentifier>
    </Filter>
    <Filter Include=".github\workflows">
      <UniqueIdentifier>{40e24f10-b020-400c-88ce-027fc2ed9b0c}</UniqueIdentifier>
    </Filter>
    <Filter Include="images">
      <UniqueIdentifier>{50abc5a9-27d8-4fa8-8dd0-a70e0d6f6f57}</UniqueIdentifier>
    </Filter>
  </ItemGroup>
  <ItemGroup>
    <None Include="StyleSheet2.css" />
    <None Include="JavaScript1.js" />
    <None Include="StyleSheet3.css" />
    <None Include="contactpage.html" />
    <None Include="contact.css" />
    <None Include=".github\workflow\deploy.yml">
      <Filter>.github\workflows</Filter>
    </None>
    <None Include="hue2">
      <Filter>images</Filter>
    </None>
    <None Include="..\aboutpage.html" />
    <None Include="..\homepage.html" />
    <None Include="..\JavaScript1.js" />
  </ItemGroup>
  <ItemGroup>
    <Image Include="bedroom.png">
      <Filter>images</Filter>
    </Image>
    <Image Include="bottom_banner.png">
      <Filter>images</Filter>
    </Image>
    <Image Include="couple.png">
      <Filter>images</Filter>
    </Image>
    <Image Include="divider.png">
      <Filter>images</Filter>
    </Image>
    <Image Include="forestView.png">
      <Filter>images</Filter>
    </Image>
    <Image Include="hue1.jpg">
      <Filter>images</Filter>
    </Image>
    <Image Include="lake.png">
      <Filter>images</Filter>
    </Image>
    <Image Include="kitchen.png">
      <Filter>images</Filter>
    </Image>
    <Image Include="livingroom.png">
      <Filter>images</Filter>
    </Image>
    <Image Include="logo.png">
      <Filter>images</Filter>
    </Image>
    <Image Include="snowmobo.png">
      <Filter>images</Filter>
    </Image>
  </ItemGroup>
</Project>